# This file is automatically @generated by Cargo.
# It is not intended for manual editing.
version = 4

[[package]]
name = "anyhow"
version = "1.0.100"
source = "registry+https://github.com/rust-lang/crates.io-index"
checksum = "a23eb6b1614318a8071c9b2521f36b424b2c83db5eb3a0fead4a6c0809af6e61"

[[package]]
name = "component"
version = "0.1.1"
source = "registry+https://github.com/rust-lang/crates.io-index"
checksum = "2d77c427b730ea6e0b7ff8f7fb93894a320c06256b3d553be7432788eaee6963"
dependencies = [
 "anyhow",
]

[[package]]
name = "rust-analyzer"
version = "0.0.1"
source = "registry+https://github.com/rust-lang/crates.io-index"
checksum = "11707871ffa56ce568d4f15dd34c2f891a2aa5e4b3435b99b8f99938492525c3"

[[package]]
name = "terminal"
version = "0.1.0"
dependencies = [
 "component",
 "rust-analyzer",
]
